
Microsoft Visual Studio Solution File, Format Version 12.00
# Visual Studio Version 16
VisualStudioVersion = 16.0.31129.286
MinimumVisualStudioVersion = 10.0.40219.1
Project("{FAE04EC0-301F-11D3-BF4B-00C04F79EFBC}") = "SDEx01-DuplicityVpoli", "SDEx01-DuplicityVpoli\SDEx01-DuplicityVpoli.csproj", "{DAC09DB7-42C0-4CB8-B969-11BCBD56DC15}"
EndProject
Global
	GlobalSection(SolutionConfigurationPlatforms) = preSolution
		Debug|Any CPU = Debug|Any CPU
		Release|Any CPU = Release|Any CPU
	EndGlobalSection
	GlobalSection(ProjectConfigurationPlatforms) = postSolution
		{DAC09DB7-42C0-4CB8-B969-11BCBD56DC15}.Debug|Any CPU.ActiveCfg = Debug|Any CPU
		{DAC09DB7-42C0-4CB8-B969-11BCBD56DC15}.Debug|Any CPU.Build.0 = Debug|Any CPU
		{DAC09DB7-42C0-4CB8-B969-11BCBD56DC15}.Release|Any CPU.ActiveCfg = Release|Any CPU
		{DAC09DB7-42C0-4CB8-B969-11BCBD56DC15}.Release|Any CPU.Build.0 = Release|Any CPU
	EndGlobalSection
	GlobalSection(SolutionProperties) = preSolution
		HideSolutionNode = FALSE
	EndGlobalSection
	GlobalSection(ExtensibilityGlobals) = postSolution
		SolutionGuid = {7AD67FE8-DA71-4E41-B6EE-9421B9EAAD3A}
	EndGlobalSection
EndGlobal
